
Microsoft Visual Studio Solution File, Format Version 12.00
# Visual Studio 15
VisualStudioVersion = 15.0.28307.902
MinimumVisualStudioVersion = 10.0.40219.1
Project("{FAE04EC0-301F-11D3-BF4B-00C04F79EFBC}") = "Examples", "Examples\Examples.csproj", "{4A95B336-B928-4765-A3B7-BC24B7A20A75}"
EndProject
Global
	GlobalSection(SolutionConfigurationPlatforms) = preSolution
		Debug|Any CPU = Debug|Any CPU
		Release|Any CPU = Release|Any CPU
	EndGlobalSection
	GlobalSection(ProjectConfigurationPlatforms) = postSolution
		{4A95B336-B928-4765-A3B7-BC24B7A20A75}.Debug|Any CPU.ActiveCfg = Debug|Any CPU
		{4A95B336-B928-4765-A3B7-BC24B7A20A75}.Debug|Any CPU.Build.0 = Debug|Any CPU
		{4A95B336-B928-4765-A3B7-BC24B7A20A75}.Release|Any CPU.ActiveCfg = Release|Any CPU
		{4A95B336-B928-4765-A3B7-BC24B7A20A75}.Release|Any CPU.Build.0 = Release|Any CPU
	EndGlobalSection
	GlobalSection(SolutionProperties) = preSolution
		HideSolutionNode = FALSE
	EndGlobalSection
	GlobalSection(ExtensibilityGlobals) = postSolution
		SolutionGuid = {122B08C2-FA18-4EE1-B8BD-F893FBE06B64}
	EndGlobalSection
EndGlobal
